
Microsoft Visual Studio Solution File, Format Version 12.00
# Visual Studio Version 16
VisualStudioVersion = 16.0.31729.503
MinimumVisualStudioVersion = 10.0.40219.1
Project("{9A19103F-16F7-4668-BE54-9A1E7A4F7556}") = "WebAPITemplate", "WebAPITemplate.csproj", "{548182EB-19E4-4DA4-AE1B-A5852FE7E3E6}"
EndProject
Global
	GlobalSection(SolutionConfigurationPlatforms) = preSolution
		Debug|Any CPU = Debug|Any CPU
		Release|Any CPU = Release|Any CPU
	EndGlobalSection
	GlobalSection(ProjectConfigurationPlatforms) = postSolution
		{548182EB-19E4-4DA4-AE1B-A5852FE7E3E6}.Debug|Any CPU.ActiveCfg = Debug|Any CPU
		{548182EB-19E4-4DA4-AE1B-A5852FE7E3E6}.Debug|Any CPU.Build.0 = Debug|Any CPU
		{548182EB-19E4-4DA4-AE1B-A5852FE7E3E6}.Release|Any CPU.ActiveCfg = Release|Any CPU
		{548182EB-19E4-4DA4-AE1B-A5852FE7E3E6}.Release|Any CPU.Build.0 = Release|Any CPU
	EndGlobalSection
	GlobalSection(SolutionProperties) = preSolution
		HideSolutionNode = FALSE
	EndGlobalSection
	GlobalSection(ExtensibilityGlobals) = postSolution
		SolutionGuid = {CFED1D46-BCBB-4ED5-90A0-C76AA058303D}
	EndGlobalSection
	GlobalSection(TeamFoundationVersionControl) = preSolution
		SccNumberOfProjects = 2
		SccEnterpriseProvider = {4CA58AB2-18FA-4F8D-95D4-32DDF27D184C}
		SccTeamFoundationServer = http://prdtfssql01/webapps
		SccLocalPath0 = .
		SccProjectUniqueName1 = WebAPITemplate.csproj
		SccLocalPath1 = .
	EndGlobalSection
EndGlobal
